// !$*UTF8*$!
{
	archiveVersion = 1;
	classes = {
	};
	objectVersion = 50;
	objects = {

/* Begin PBXBuildFile section */
		5504AD89222D678400699C64 /* AppDelegate.swift in Sources */ = {isa = PBXBuildFile; fileRef = 5504AD88222D678400699C64 /* AppDelegate.swift */; };
		5504AD8E222D678400699C64 /* Main.storyboard in Resources */ = {isa = PBXBuildFile; fileRef = 5504AD8C222D678400699C64 /* Main.storyboard */; };
		5504AD90222D678500699C64 /* Assets.xcassets in Resources */ = {isa = PBXBuildFile; fileRef = 5504AD8F222D678500699C64 /* Assets.xcassets */; };
		5504AD93222D678500699C64 /* LaunchScreen.storyboard in Resources */ = {isa = PBXBuildFile; fileRef = 5504AD91222D678500699C64 /* LaunchScreen.storyboard */; };
		5504AD9B222D683400699C64 /* GoogleService-Info.plist in Resources */ = {isa = PBXBuildFile; fileRef = 5504AD9A222D683400699C64 /* GoogleService-Info.plist */; };
		553A9E292248D1C7007135CB /* NotificationHelper.swift in Sources */ = {isa = PBXBuildFile; fileRef = 553A9E282248D1C7007135CB /* NotificationHelper.swift */; };
		553A9E2D224AAE89007135CB /* extensionUiView.swift in Sources */ = {isa = PBXBuildFile; fileRef = 553A9E2C224AAE89007135CB /* extensionUiView.swift */; };
		55564518223941F3000D4000 /* DetailViewController.swift in Sources */ = {isa = PBXBuildFile; fileRef = 55564517223941F3000D4000 /* DetailViewController.swift */; };
		5556451C22395686000D4000 /* HomeWorkHelper.swift in Sources */ = {isa = PBXBuildFile; fileRef = 5556451B22395686000D4000 /* HomeWorkHelper.swift */; };
		556EDA33222D74BA00817946 /* HomeWorksTableViewCell.swift in Sources */ = {isa = PBXBuildFile; fileRef = 556EDA32222D74BA00817946 /* HomeWorksTableViewCell.swift */; };
		556EDA37222D790300817946 /* HomeWork.swift in Sources */ = {isa = PBXBuildFile; fileRef = 556EDA36222D790300817946 /* HomeWork.swift */; };
		556EDA39222DA51E00817946 /* Database.swift in Sources */ = {isa = PBXBuildFile; fileRef = 556EDA38222DA51E00817946 /* Database.swift */; };
		55845BC92242458600EA3BE6 /* extension Date.swift in Sources */ = {isa = PBXBuildFile; fileRef = 55845BC82242458600EA3BE6 /* extension Date.swift */; };
		55845BCB22426BEB00EA3BE6 /* AddEditHelperClass.swift in Sources */ = {isa = PBXBuildFile; fileRef = 55845BCA22426BEB00EA3BE6 /* AddEditHelperClass.swift */; };
		55CDFA6F22437EB900A0FBB3 /* extensions string.swift in Sources */ = {isa = PBXBuildFile; fileRef = 55CDFA6E22437EB900A0FBB3 /* extensions string.swift */; };
		55D178592236DFA90038BF18 /* DataDownloadDelegate.swift in Sources */ = {isa = PBXBuildFile; fileRef = 55D178582236DFA90038BF18 /* DataDownloadDelegate.swift */; };
		55D3D3C9224D35D100FDE802 /* LocalizationHelper.swift in Sources */ = {isa = PBXBuildFile; fileRef = 55D3D3C8224D35D100FDE802 /* LocalizationHelper.swift */; };
		55DA8117224635C30056CB15 /* ImageLoader.swift in Sources */ = {isa = PBXBuildFile; fileRef = 55DA8116224635C30056CB15 /* ImageLoader.swift */; };
		55E60014223A9E9700F4498E /* AddEditViewController.swift in Sources */ = {isa = PBXBuildFile; fileRef = 55E60013223A9E9700F4498E /* AddEditViewController.swift */; };
		55E60017223ABA1F00F4498E /* ToastMessageExtension.swift in Sources */ = {isa = PBXBuildFile; fileRef = 55E60016223ABA1F00F4498E /* ToastMessageExtension.swift */; };
		55ECAD4E2232C993001E9405 /* CalendarAndHomeworkListViewController.swift in Sources */ = {isa = PBXBuildFile; fileRef = 55ECAD4D2232C993001E9405 /* CalendarAndHomeworkListViewController.swift */; };
		985743BD2C90E661733F27D3 /* Pods_HomeWorkPlanner.framework in Frameworks */ = {isa = PBXBuildFile; fileRef = 76FA8F3144246E54CFFA73D3 /* Pods_HomeWorkPlanner.framework */; };
/* End PBXBuildFile section */

/* Begin PBXFileReference section */
		17C7D9110A39776896AEAEDC /* Pods-HomeWorkPlanner.debug.xcconfig */ = {isa = PBXFileReference; includeInIndex = 1; lastKnownFileType = text.xcconfig; name = "Pods-HomeWorkPlanner.debug.xcconfig"; path = "Target Support Files/Pods-HomeWorkPlanner/Pods-HomeWorkPlanner.debug.xcconfig"; sourceTree = "<group>"; };
		5504AD85222D678400699C64 /* HomeWorkPlanner.app */ = {isa = PBXFileReference; explicitFileType = wrapper.application; includeInIndex = 0; path = HomeWorkPlanner.app; sourceTree = BUILT_PRODUCTS_DIR; };
		5504AD88222D678400699C64 /* AppDelegate.swift */ = {isa = PBXFileReference; lastKnownFileType = sourcecode.swift; path = AppDelegate.swift; sourceTree = "<group>"; };
		5504AD8D222D678400699C64 /* Base */ = {isa = PBXFileReference; lastKnownFileType = file.storyboard; name = Base; path = Base.lproj/Main.storyboard; sourceTree = "<group>"; };
		5504AD8F222D678500699C64 /* Assets.xcassets */ = {isa = PBXFileReference; lastKnownFileType = folder.assetcatalog; path = Assets.xcassets; sourceTree = "<group>"; };
		5504AD92222D678500699C64 /* Base */ = {isa = PBXFileReference; lastKnownFileType = file.storyboard; name = Base; path = Base.lproj/LaunchScreen.storyboard; sourceTree = "<group>"; };
		5504AD94222D678500699C64 /* Info.plist */ = {isa = PBXFileReference; lastKnownFileType = text.plist.xml; path = Info.plist; sourceTree = "<group>"; };
		5504AD9A222D683400699C64 /* GoogleService-Info.plist */ = {isa = PBXFileReference; fileEncoding = 4; lastKnownFileType = text.plist.xml; path = "GoogleService-Info.plist"; sourceTree = "<group>"; };
		553A9E282248D1C7007135CB /* NotificationHelper.swift */ = {isa = PBXFileReference; lastKnownFileType = sourcecode.swift; path = NotificationHelper.swift; sourceTree = "<group>"; };
		553A9E2C224AAE89007135CB /* extensionUiView.swift */ = {isa = PBXFileReference; lastKnownFileType = sourcecode.swift; path = extensionUiView.swift; sourceTree = "<group>"; };
		55564517223941F3000D4000 /* DetailViewController.swift */ = {isa = PBXFileReference; lastKnownFileType = sourcecode.swift; path = DetailViewController.swift; sourceTree = "<group>"; };
		5556451B22395686000D4000 /* HomeWorkHelper.swift */ = {isa = PBXFileReference; lastKnownFileType = sourcecode.swift; path = HomeWorkHelper.swift; sourceTree = "<group>"; };
		556EDA32222D74BA00817946 /* HomeWorksTableViewCell.swift */ = {isa = PBXFileReference; lastKnownFileType = sourcecode.swift; path = HomeWorksTableViewCell.swift; sourceTree = "<group>"; };
		556EDA36222D790300817946 /* HomeWork.swift */ = {isa = PBXFileReference; lastKnownFileType = sourcecode.swift; name = HomeWork.swift; path = ../HomeWork.swift; sourceTree = "<group>"; };
		556EDA38222DA51E00817946 /* Database.swift */ = {isa = PBXFileReference; lastKnownFileType = sourcecode.swift; path = Database.swift; sourceTree = "<group>"; };
		55845BC82242458600EA3BE6 /* extension Date.swift */ = {isa = PBXFileReference; lastKnownFileType = sourcecode.swift; path = "extension Date.swift"; sourceTree = "<group>"; };
		55845BCA22426BEB00EA3BE6 /* AddEditHelperClass.swift */ = {isa = PBXFileReference; lastKnownFileType = sourcecode.swift; path = AddEditHelperClass.swift; sourceTree = "<group>"; };
		55CDFA6E22437EB900A0FBB3 /* extensions string.swift */ = {isa = PBXFileReference; lastKnownFileType = sourcecode.swift; path = "extensions string.swift"; sourceTree = "<group>"; };
		55D178582236DFA90038BF18 /* DataDownloadDelegate.swift */ = {isa = PBXFileReference; lastKnownFileType = sourcecode.swift; path = DataDownloadDelegate.swift; sourceTree = "<group>"; };
		55D1C968233E02E200A5271D /* en-GB */ = {isa = PBXFileReference; lastKnownFileType = text.plist.strings; name = "en-GB"; path = "en-GB.lproj/Main.strings"; sourceTree = "<group>"; };
		55D1C969233E02E500A5271D /* en-GB */ = {isa = PBXFileReference; lastKnownFileType = text.plist.strings; name = "en-GB"; path = "en-GB.lproj/LaunchScreen.strings"; sourceTree = "<group>"; };
		55D3D3C8224D35D100FDE802 /* LocalizationHelper.swift */ = {isa = PBXFileReference; lastKnownFileType = sourcecode.swift; path = LocalizationHelper.swift; sourceTree = "<group>"; };
		55DA8116224635C30056CB15 /* ImageLoader.swift */ = {isa = PBXFileReference; lastKnownFileType = sourcecode.swift; path = ImageLoader.swift; sourceTree = "<group>"; };
		55E60013223A9E9700F4498E /* AddEditViewController.swift */ = {isa = PBXFileReference; lastKnownFileType = sourcecode.swift; path = AddEditViewController.swift; sourceTree = "<group>"; };
		55E60016223ABA1F00F4498E /* ToastMessageExtension.swift */ = {isa = PBXFileReference; lastKnownFileType = sourcecode.swift; name = ToastMessageExtension.swift; path = /Users/sandrasundqvist/SwiftProjects/HomeWorkPlanner/HomeWorkPlanner/HomeWorkPlanner/ToastMessageExtension.swift; sourceTree = "<absolute>"; };
		55ECAD4D2232C993001E9405 /* CalendarAndHomeworkListViewController.swift */ = {isa = PBXFileReference; lastKnownFileType = sourcecode.swift; path = CalendarAndHomeworkListViewController.swift; sourceTree = "<group>"; };
		76FA8F3144246E54CFFA73D3 /* Pods_HomeWorkPlanner.framework */ = {isa = PBXFileReference; explicitFileType = wrapper.framework; includeInIndex = 0; path = Pods_HomeWorkPlanner.framework; sourceTree = BUILT_PRODUCTS_DIR; };
		F7F6C858ABD4DAF45C0B9146 /* Pods-HomeWorkPlanner.release.xcconfig */ = {isa = PBXFileReference; includeInIndex = 1; lastKnownFileType = text.xcconfig; name = "Pods-HomeWorkPlanner.release.xcconfig"; path = "Target Support Files/Pods-HomeWorkPlanner/Pods-HomeWorkPlanner.release.xcconfig"; sourceTree = "<group>"; };
/* End PBXFileReference section */

/* Begin PBXFrameworksBuildPhase section */
		5504AD82222D678400699C64 /* Frameworks */ = {
			isa = PBXFrameworksBuildPhase;
			buildActionMask = 2147483647;
			files = (
				985743BD2C90E661733F27D3 /* Pods_HomeWorkPlanner.framework in Frameworks */,
			);
			runOnlyForDeploymentPostprocessing = 0;
		};
/* End PBXFrameworksBuildPhase section */

/* Begin PBXGroup section */
		5504AD7C222D678400699C64 = {
			isa = PBXGroup;
			children = (
				5504AD87222D678400699C64 /* HomeWorkPlanner */,
				5504AD86222D678400699C64 /* Products */,
				5C733DC8A605741689DD5A92 /* Pods */,
				B4E3D0A43343C0DF405BF21B /* Frameworks */,
			);
			sourceTree = "<group>";
		};
		5504AD86222D678400699C64 /* Products */ = {
			isa = PBXGroup;
			children = (
				5504AD85222D678400699C64 /* HomeWorkPlanner.app */,
			);
			name = Products;
			sourceTree = "<group>";
		};
		5504AD87222D678400699C64 /* HomeWorkPlanner */ = {
			isa = PBXGroup;
			children = (
				553A9E272248D187007135CB /* Database */,
				553A9E262248D129007135CB /* ViewControllers */,
				553A9E252248D10B007135CB /* Extensions */,
				553A9E242248D0D8007135CB /* HelperClasses */,
				556EDA36222D790300817946 /* HomeWork.swift */,
				5504AD88222D678400699C64 /* AppDelegate.swift */,
				5504AD8C222D678400699C64 /* Main.storyboard */,
				5504AD8F222D678500699C64 /* Assets.xcassets */,
				5504AD91222D678500699C64 /* LaunchScreen.storyboard */,
				5504AD94222D678500699C64 /* Info.plist */,
				5504AD9A222D683400699C64 /* GoogleService-Info.plist */,
			);
			path = HomeWorkPlanner;
			sourceTree = "<group>";
		};
		553A9E242248D0D8007135CB /* HelperClasses */ = {
			isa = PBXGroup;
			children = (
				55845BCA22426BEB00EA3BE6 /* AddEditHelperClass.swift */,
				55DA8116224635C30056CB15 /* ImageLoader.swift */,
				5556451B22395686000D4000 /* HomeWorkHelper.swift */,
				553A9E282248D1C7007135CB /* NotificationHelper.swift */,
			);
			path = HelperClasses;
			sourceTree = "<group>";
		};
		553A9E252248D10B007135CB /* Extensions */ = {
			isa = PBXGroup;
			children = (
				55845BC82242458600EA3BE6 /* extension Date.swift */,
				55D3D3C8224D35D100FDE802 /* LocalizationHelper.swift */,
				55CDFA6E22437EB900A0FBB3 /* extensions string.swift */,
				55E60016223ABA1F00F4498E /* ToastMessageExtension.swift */,
				553A9E2C224AAE89007135CB /* extensionUiView.swift */,
			);
			path = Extensions;
			sourceTree = "<group>";
		};
		553A9E262248D129007135CB /* ViewControllers */ = {
			isa = PBXGroup;
			children = (
				55ECAD4D2232C993001E9405 /* CalendarAndHomeworkListViewController.swift */,
				55E60013223A9E9700F4498E /* AddEditViewController.swift */,
				55564517223941F3000D4000 /* DetailViewController.swift */,
				556EDA32222D74BA00817946 /* HomeWorksTableViewCell.swift */,
			);
			path = ViewControllers;
			sourceTree = "<group>";
		};
		553A9E272248D187007135CB /* Database */ = {
			isa = PBXGroup;
			children = (
				556EDA38222DA51E00817946 /* Database.swift */,
				55D178582236DFA90038BF18 /* DataDownloadDelegate.swift */,
			);
			path = Database;
			sourceTree = "<group>";
		};
		5C733DC8A605741689DD5A92 /* Pods */ = {
			isa = PBXGroup;
			children = (
				17C7D9110A39776896AEAEDC /* Pods-HomeWorkPlanner.debug.xcconfig */,
				F7F6C858ABD4DAF45C0B9146 /* Pods-HomeWorkPlanner.release.xcconfig */,
			);
			path = Pods;
			sourceTree = "<group>";
		};
		B4E3D0A43343C0DF405BF21B /* Frameworks */ = {
			isa = PBXGroup;
			children = (
				76FA8F3144246E54CFFA73D3 /* Pods_HomeWorkPlanner.framework */,
			);
			name = Frameworks;
			sourceTree = "<group>";
		};
/* End PBXGroup section */

/* Begin PBXNativeTarget section */
		5504AD84222D678400699C64 /* HomeWorkPlanner */ = {
			isa = PBXNativeTarget;
			buildConfigurationList = 5504AD97222D678500699C64 /* Build configuration list for PBXNativeTarget "HomeWorkPlanner" */;
			buildPhases = (
				36D5A14BC721F1D0D9911E5D /* [CP] Check Pods Manifest.lock */,
				5504AD81222D678400699C64 /* Sources */,
				5504AD82222D678400699C64 /* Frameworks */,
				5504AD83222D678400699C64 /* Resources */,
				FEEE2856B3DC77DF40664EC0 /* [CP] Embed Pods Frameworks */,
			);
			buildRules = (
			);
			dependencies = (
			);
			name = HomeWorkPlanner;
			productName = HomeWorkPlanner;
			productReference = 5504AD85222D678400699C64 /* HomeWorkPlanner.app */;
			productType = "com.apple.product-type.application";
		};
/* End PBXNativeTarget section */

/* Begin PBXProject section */
		5504AD7D222D678400699C64 /* Project object */ = {
			isa = PBXProject;
			attributes = {
				LastSwiftUpdateCheck = 1010;
				LastUpgradeCheck = 1010;
				ORGANIZATIONNAME = "Sandra Sundqvist";
				TargetAttributes = {
					5504AD84222D678400699C64 = {
						CreatedOnToolsVersion = 10.1;
						LastSwiftMigration = 1010;
					};
				};
			};
			buildConfigurationList = 5504AD80222D678400699C64 /* Build configuration list for PBXProject "HomeWorkPlanner" */;
			compatibilityVersion = "Xcode 9.3";
			developmentRegion = en;
			hasScannedForEncodings = 0;
			knownRegions = (
				en,
				Base,
				"en-GB",
			);
			mainGroup = 5504AD7C222D678400699C64;
			productRefGroup = 5504AD86222D678400699C64 /* Products */;
			projectDirPath = "";
			projectRoot = "";
			targets = (
				5504AD84222D678400699C64 /* HomeWorkPlanner */,
			);
		};
/* End PBXProject section */

/* Begin PBXResourcesBuildPhase section */
		5504AD83222D678400699C64 /* Resources */ = {
			isa = PBXResourcesBuildPhase;
			buildActionMask = 2147483647;
			files = (
				5504AD93222D678500699C64 /* LaunchScreen.storyboard in Resources */,
				5504AD9B222D683400699C64 /* GoogleService-Info.plist in Resources */,
				5504AD90222D678500699C64 /* Assets.xcassets in Resources */,
				5504AD8E222D678400699C64 /* Main.storyboard in Resources */,
			);
			runOnlyForDeploymentPostprocessing = 0;
		};
/* End PBXResourcesBuildPhase section */

/* Begin PBXShellScriptBuildPhase section */
		36D5A14BC721F1D0D9911E5D /* [CP] Check Pods Manifest.lock */ = {
			isa = PBXShellScriptBuildPhase;
			buildActionMask = 2147483647;
			files = (
			);
			inputFileListPaths = (
			);
			inputPaths = (
				"${PODS_PODFILE_DIR_PATH}/Podfile.lock",
				"${PODS_ROOT}/Manifest.lock",
			);
			name = "[CP] Check Pods Manifest.lock";
			outputFileListPaths = (
			);
			outputPaths = (
				"$(DERIVED_FILE_DIR)/Pods-HomeWorkPlanner-checkManifestLockResult.txt",
			);
			runOnlyForDeploymentPostprocessing = 0;
			shellPath = /bin/sh;
			shellScript = "diff \"${PODS_PODFILE_DIR_PATH}/Podfile.lock\" \"${PODS_ROOT}/Manifest.lock\" > /dev/null\nif [ $? != 0 ] ; then\n    # print error to STDERR\n    echo \"error: The sandbox is not in sync with the Podfile.lock. Run 'pod install' or update your CocoaPods installation.\" >&2\n    exit 1\nfi\n# This output is used by Xcode 'outputs' to avoid re-running this script phase.\necho \"SUCCESS\" > \"${SCRIPT_OUTPUT_FILE_0}\"\n";
			showEnvVarsInLog = 0;
		};
		FEEE2856B3DC77DF40664EC0 /* [CP] Embed Pods Frameworks */ = {
			isa = PBXShellScriptBuildPhase;
			buildActionMask = 2147483647;
			files = (
			);
			inputFileListPaths = (
			);
			inputPaths = (
				"${PODS_ROOT}/Target Support Files/Pods-HomeWorkPlanner/Pods-HomeWorkPlanner-frameworks.sh",
				"${BUILT_PRODUCTS_DIR}/BoringSSL-GRPC/openssl_grpc.framework",
				"${BUILT_PRODUCTS_DIR}/FSCalendar/FSCalendar.framework",
				"${BUILT_PRODUCTS_DIR}/GTMSessionFetcher/GTMSessionFetcher.framework",
				"${BUILT_PRODUCTS_DIR}/GoogleUtilities/GoogleUtilities.framework",
				"${BUILT_PRODUCTS_DIR}/PINCache/PINCache.framework",
				"${BUILT_PRODUCTS_DIR}/PINOperation/PINOperation.framework",
				"${BUILT_PRODUCTS_DIR}/PINRemoteImage/PINRemoteImage.framework",
				"${BUILT_PRODUCTS_DIR}/Protobuf/Protobuf.framework",
				"${BUILT_PRODUCTS_DIR}/gRPC-C++/grpcpp.framework",
				"${BUILT_PRODUCTS_DIR}/gRPC-Core/grpc.framework",
				"${BUILT_PRODUCTS_DIR}/leveldb-library/leveldb.framework",
				"${BUILT_PRODUCTS_DIR}/nanopb/nanopb.framework",
			);
			name = "[CP] Embed Pods Frameworks";
			outputFileListPaths = (
			);
			outputPaths = (
				"${TARGET_BUILD_DIR}/${FRAMEWORKS_FOLDER_PATH}/openssl_grpc.framework",
				"${TARGET_BUILD_DIR}/${FRAMEWORKS_FOLDER_PATH}/FSCalendar.framework",
				"${TARGET_BUILD_DIR}/${FRAMEWORKS_FOLDER_PATH}/GTMSessionFetcher.framework",
				"${TARGET_BUILD_DIR}/${FRAMEWORKS_FOLDER_PATH}/GoogleUtilities.framework",
				"${TARGET_BUILD_DIR}/${FRAMEWORKS_FOLDER_PATH}/PINCache.framework",
				"${TARGET_BUILD_DIR}/${FRAMEWORKS_FOLDER_PATH}/PINOperation.framework",
				"${TARGET_BUILD_DIR}/${FRAMEWORKS_FOLDER_PATH}/PINRemoteImage.framework",
				"${TARGET_BUILD_DIR}/${FRAMEWORKS_FOLDER_PATH}/Protobuf.framework",
				"${TARGET_BUILD_DIR}/${FRAMEWORKS_FOLDER_PATH}/grpcpp.framework",
				"${TARGET_BUILD_DIR}/${FRAMEWORKS_FOLDER_PATH}/grpc.framework",
				"${TARGET_BUILD_DIR}/${FRAMEWORKS_FOLDER_PATH}/leveldb.framework",
				"${TARGET_BUILD_DIR}/${FRAMEWORKS_FOLDER_PATH}/nanopb.framework",
			);
			runOnlyForDeploymentPostprocessing = 0;
			shellPath = /bin/sh;
			shellScript = "\"${PODS_ROOT}/Target Support Files/Pods-HomeWorkPlanner/Pods-HomeWorkPlanner-frameworks.sh\"\n";
			showEnvVarsInLog = 0;
		};
/* End PBXShellScriptBuildPhase section */

/* Begin PBXSourcesBuildPhase section */
		5504AD81222D678400699C64 /* Sources */ = {
			isa = PBXSourcesBuildPhase;
			buildActionMask = 2147483647;
			files = (
				5504AD89222D678400699C64 /* AppDelegate.swift in Sources */,
				556EDA37222D790300817946 /* HomeWork.swift in Sources */,
				55E60014223A9E9700F4498E /* AddEditViewController.swift in Sources */,
				55CDFA6F22437EB900A0FBB3 /* extensions string.swift in Sources */,
				55845BC92242458600EA3BE6 /* extension Date.swift in Sources */,
				556EDA39222DA51E00817946 /* Database.swift in Sources */,
				55DA8117224635C30056CB15 /* ImageLoader.swift in Sources */,
				5556451C22395686000D4000 /* HomeWorkHelper.swift in Sources */,
				55845BCB22426BEB00EA3BE6 /* AddEditHelperClass.swift in Sources */,
				553A9E292248D1C7007135CB /* NotificationHelper.swift in Sources */,
				55E60017223ABA1F00F4498E /* ToastMessageExtension.swift in Sources */,
				55ECAD4E2232C993001E9405 /* CalendarAndHomeworkListViewController.swift in Sources */,
				55D178592236DFA90038BF18 /* DataDownloadDelegate.swift in Sources */,
				556EDA33222D74BA00817946 /* HomeWorksTableViewCell.swift in Sources */,
				553A9E2D224AAE89007135CB /* extensionUiView.swift in Sources */,
				55564518223941F3000D4000 /* DetailViewController.swift in Sources */,
				55D3D3C9224D35D100FDE802 /* LocalizationHelper.swift in Sources */,
			);
			runOnlyForDeploymentPostprocessing = 0;
		};
/* End PBXSourcesBuildPhase section */

/* Begin PBXVariantGroup section */
		5504AD8C222D678400699C64 /* Main.storyboard */ = {
			isa = PBXVariantGroup;
			children = (
				5504AD8D222D678400699C64 /* Base */,
				55D1C968233E02E200A5271D /* en-GB */,
			);
			name = Main.storyboard;
			sourceTree = "<group>";
		};
		5504AD91222D678500699C64 /* LaunchScreen.storyboard */ = {
			isa = PBXVariantGroup;
			children = (
				5504AD92222D678500699C64 /* Base */,
				55D1C969233E02E500A5271D /* en-GB */,
			);
			name = LaunchScreen.storyboard;
			sourceTree = "<group>";
		};
/* End PBXVariantGroup section */

/* Begin XCBuildConfiguration section */
		5504AD95222D678500699C64 /* Debug */ = {
			isa = XCBuildConfiguration;
			buildSettings = {
				ALWAYS_SEARCH_USER_PATHS = NO;
				CLANG_ANALYZER_LOCALIZABILITY_NONLOCALIZED = YES;
				CLANG_ANALYZER_NONNULL = YES;
				CLANG_ANALYZER_NUMBER_OBJECT_CONVERSION = YES_AGGRESSIVE;
				CLANG_CXX_LANGUAGE_STANDARD = "gnu++14";
				CLANG_CXX_LIBRARY = "libc++";
				CLANG_ENABLE_MODULES = YES;
				CLANG_ENABLE_OBJC_ARC = YES;
				CLANG_ENABLE_OBJC_WEAK = YES;
				CLANG_WARN_BLOCK_CAPTURE_AUTORELEASING = YES;
				CLANG_WARN_BOOL_CONVERSION = YES;
				CLANG_WARN_COMMA = YES;
				CLANG_WARN_CONSTANT_CONVERSION = YES;
				CLANG_WARN_DEPRECATED_OBJC_IMPLEMENTATIONS = YES;
				CLANG_WARN_DIRECT_OBJC_ISA_USAGE = YES_ERROR;
				CLANG_WARN_DOCUMENTATION_COMMENTS = YES;
				CLANG_WARN_EMPTY_BODY = YES;
				CLANG_WARN_ENUM_CONVERSION = YES;
				CLANG_WARN_INFINITE_RECURSION = YES;
				CLANG_WARN_INT_CONVERSION = YES;
				CLANG_WARN_NON_LITERAL_NULL_CONVERSION = YES;
				CLANG_WARN_OBJC_IMPLICIT_RETAIN_SELF = YES;
				CLANG_WARN_OBJC_LITERAL_CONVERSION = YES;
				CLANG_WARN_OBJC_ROOT_CLASS = YES_ERROR;
				CLANG_WARN_RANGE_LOOP_ANALYSIS = YES;
				CLANG_WARN_STRICT_PROTOTYPES = YES;
				CLANG_WARN_SUSPICIOUS_MOVE = YES;
				CLANG_WARN_UNGUARDED_AVAILABILITY = YES_AGGRESSIVE;
				CLANG_WARN_UNREACHABLE_CODE = YES;
				CLANG_WARN__DUPLICATE_METHOD_MATCH = YES;
				CODE_SIGN_IDENTITY = "iPhone Developer";
				COPY_PHASE_STRIP = NO;
				DEBUG_INFORMATION_FORMAT = dwarf;
				ENABLE_STRICT_OBJC_MSGSEND = YES;
				ENABLE_TESTABILITY = YES;
				GCC_C_LANGUAGE_STANDARD = gnu11;
				GCC_DYNAMIC_NO_PIC = NO;
				GCC_NO_COMMON_BLOCKS = YES;
				GCC_OPTIMIZATION_LEVEL = 0;
				GCC_PREPROCESSOR_DEFINITIONS = (
					"DEBUG=1",
					"$(inherited)",
				);
				GCC_WARN_64_TO_32_BIT_CONVERSION = YES;
				GCC_WARN_ABOUT_RETURN_TYPE = YES_ERROR;
				GCC_WARN_UNDECLARED_SELECTOR = YES;
				GCC_WARN_UNINITIALIZED_AUTOS = YES_AGGRESSIVE;
				GCC_WARN_UNUSED_FUNCTION = YES;
				GCC_WARN_UNUSED_VARIABLE = YES;
				IPHONEOS_DEPLOYMENT_TARGET = 12.1;
				MTL_ENABLE_DEBUG_INFO = INCLUDE_SOURCE;
				MTL_FAST_MATH = YES;
				ONLY_ACTIVE_ARCH = YES;
				SDKROOT = iphoneos;
				SWIFT_ACTIVE_COMPILATION_CONDITIONS = DEBUG;
				SWIFT_OPTIMIZATION_LEVEL = "-Onone";
			};
			name = Debug;
		};
		5504AD96222D678500699C64 /* Release */ = {
			isa = XCBuildConfiguration;
			buildSettings = {
				ALWAYS_SEARCH_USER_PATHS = NO;
				CLANG_ANALYZER_LOCALIZABILITY_NONLOCALIZED = YES;
				CLANG_ANALYZER_NONNULL = YES;
				CLANG_ANALYZER_NUMBER_OBJECT_CONVERSION = YES_AGGRESSIVE;
				CLANG_CXX_LANGUAGE_STANDARD = "gnu++14";
				CLANG_CXX_LIBRARY = "libc++";
				CLANG_ENABLE_MODULES = YES;
				CLANG_ENABLE_OBJC_ARC = YES;
				CLANG_ENABLE_OBJC_WEAK = YES;
				CLANG_WARN_BLOCK_CAPTURE_AUTORELEASING = YES;
				CLANG_WARN_BOOL_CONVERSION = YES;
				CLANG_WARN_COMMA = YES;
				CLANG_WARN_CONSTANT_CONVERSION = YES;
				CLANG_WARN_DEPRECATED_OBJC_IMPLEMENTATIONS = YES;
				CLANG_WARN_DIRECT_OBJC_ISA_USAGE = YES_ERROR;
				CLANG_WARN_DOCUMENTATION_COMMENTS = YES;
				CLANG_WARN_EMPTY_BODY = YES;
				CLANG_WARN_ENUM_CONVERSION = YES;
				CLANG_WARN_INFINITE_RECURSION = YES;
				CLANG_WARN_INT_CONVERSION = YES;
				CLANG_WARN_NON_LITERAL_NULL_CONVERSION = YES;
				CLANG_WARN_OBJC_IMPLICIT_RETAIN_SELF = YES;
				CLANG_WARN_OBJC_LITERAL_CONVERSION = YES;
				CLANG_WARN_OBJC_ROOT_CLASS = YES_ERROR;
				CLANG_WARN_RANGE_LOOP_ANALYSIS = YES;
				CLANG_WARN_STRICT_PROTOTYPES = YES;
				CLANG_WARN_SUSPICIOUS_MOVE = YES;
				CLANG_WARN_UNGUARDED_AVAILABILITY = YES_AGGRESSIVE;
				CLANG_WARN_UNREACHABLE_CODE = YES;
				CLANG_WARN__DUPLICATE_METHOD_MATCH = YES;
				CODE_SIGN_IDENTITY = "iPhone Developer";
				COPY_PHASE_STRIP = NO;
				DEBUG_INFORMATION_FORMAT = "dwarf-with-dsym";
				ENABLE_NS_ASSERTIONS = NO;
				ENABLE_STRICT_OBJC_MSGSEND = YES;
				GCC_C_LANGUAGE_STANDARD = gnu11;
				GCC_NO_COMMON_BLOCKS = YES;
				GCC_WARN_64_TO_32_BIT_CONVERSION = YES;
				GCC_WARN_ABOUT_RETURN_TYPE = YES_ERROR;
				GCC_WARN_UNDECLARED_SELECTOR = YES;
				GCC_WARN_UNINITIALIZED_AUTOS = YES_AGGRESSIVE;
				GCC_WARN_UNUSED_FUNCTION = YES;
				GCC_WARN_UNUSED_VARIABLE = YES;
				IPHONEOS_DEPLOYMENT_TARGET = 12.1;
				MTL_ENABLE_DEBUG_INFO = NO;
				MTL_FAST_MATH = YES;
				SDKROOT = iphoneos;
				SWIFT_COMPILATION_MODE = wholemodule;
				SWIFT_OPTIMIZATION_LEVEL = "-O";
				VALIDATE_PRODUCT = YES;
			};
			name = Release;
		};
		5504AD98222D678500699C64 /* Debug */ = {
			isa = XCBuildConfiguration;
			baseConfigurationReference = 17C7D9110A39776896AEAEDC /* Pods-HomeWorkPlanner.debug.xcconfig */;
			buildSettings = {
				ASSETCATALOG_COMPILER_APPICON_NAME = AppIcon;
				CLANG_ENABLE_MODULES = YES;
				CODE_SIGN_STYLE = Automatic;
				DEVELOPMENT_TEAM = 2AJP4BN72C;
				INFOPLIST_FILE = HomeWorkPlanner/Info.plist;
				LD_RUNPATH_SEARCH_PATHS = (
					"$(inherited)",
					"@executable_path/Frameworks",
				);
				PRODUCT_BUNDLE_IDENTIFIER = SaSu.HomeWorkPlanner;
				PRODUCT_NAME = "$(TARGET_NAME)";
				SWIFT_OPTIMIZATION_LEVEL = "-Onone";
				SWIFT_VERSION = 4.2;
				TARGETED_DEVICE_FAMILY = "1,2";
			};
			name = Debug;
		};
		5504AD99222D678500699C64 /* Release */ = {
			isa = XCBuildConfiguration;
			baseConfigurationReference = F7F6C858ABD4DAF45C0B9146 /* Pods-HomeWorkPlanner.release.xcconfig */;
			buildSettings = {
				ASSETCATALOG_COMPILER_APPICON_NAME = AppIcon;
				CLANG_ENABLE_MODULES = YES;
				CODE_SIGN_STYLE = Automatic;
				DEVELOPMENT_TEAM = 2AJP4BN72C;
				INFOPLIST_FILE = HomeWorkPlanner/Info.plist;
				LD_RUNPATH_SEARCH_PATHS = (
					"$(inherited)",
					"@executable_path/Frameworks",
				);
				PRODUCT_BUNDLE_IDENTIFIER = SaSu.HomeWorkPlanner;
				PRODUCT_NAME = "$(TARGET_NAME)";
				SWIFT_VERSION = 4.2;
				TARGETED_DEVICE_FAMILY = "1,2";
			};
			name = Release;
		};
/* End XCBuildConfiguration section */

/* Begin XCConfigurationList section */
		5504AD80222D678400699C64 /* Build configuration list for PBXProject "HomeWorkPlanner" */ = {
			isa = XCConfigurationList;
			buildConfigurations = (
				5504AD95222D678500699C64 /* Debug */,
				5504AD96222D678500699C64 /* Release */,
			);
			defaultConfigurationIsVisible = 0;
			defaultConfigurationName = Release;
		};
		5504AD97222D678500699C64 /* Build configuration list for PBXNativeTarget "HomeWorkPlanner" */ = {
			isa = XCConfigurationList;
			buildConfigurations = (
				5504AD98222D678500699C64 /* Debug */,
				5504AD99222D678500699C64 /* Release */,
			);
			defaultConfigurationIsVisible = 0;
			defaultConfigurationName = Release;
		};
/* End XCConfigurationList section */
	};
	rootObject = 5504AD7D222D678400699C64 /* Project object */;
}
